
Microsoft Visual Studio Solution File, Format Version 12.00
# Visual Studio 15
VisualStudioVersion = 15.0.27130.2027
MinimumVisualStudioVersion = 10.0.40219.1
Project("{E24C65DC-7377-472B-9ABA-BC803B73C61A}") = "HW_ASP1", "HW_ASP1\", "{D57551FB-DAB7-4354-91AB-8F7114950FAA}"
	ProjectSection(WebsiteProperties) = preProject
		TargetFrameworkMoniker = ".NETFramework,Version%3Dv4.6.1"
		Debug.AspNetCompiler.VirtualPath = "/localhost_2011"
		Debug.AspNetCompiler.PhysicalPath = "HW_ASP1\"
		Debug.AspNetCompiler.TargetPath = "PrecompiledWeb\localhost_2011\"
		Debug.AspNetCompiler.Updateable = "true"
		Debug.AspNetCompiler.ForceOverwrite = "true"
		Debug.AspNetCompiler.FixedNames = "false"
		Debug.AspNetCompiler.Debug = "True"
		Release.AspNetCompiler.VirtualPath = "/localhost_2011"
		Release.AspNetCompiler.PhysicalPath = "HW_ASP1\"
		Release.AspNetCompiler.TargetPath = "PrecompiledWeb\localhost_2011\"
		Release.AspNetCompiler.Updateable = "true"
		Release.AspNetCompiler.ForceOverwrite = "true"
		Release.AspNetCompiler.FixedNames = "false"
		Release.AspNetCompiler.Debug = "False"
		VWDPort = "2011"
		SlnRelativePath = "HW_ASP1\"
		DefaultWebSiteLanguage = "Visual C#"
	EndProjectSection
EndProject
Global
	GlobalSection(SolutionConfigurationPlatforms) = preSolution
		Debug|Any CPU = Debug|Any CPU
	EndGlobalSection
	GlobalSection(ProjectConfigurationPlatforms) = postSolution
		{D57551FB-DAB7-4354-91AB-8F7114950FAA}.Debug|Any CPU.ActiveCfg = Debug|Any CPU
		{D57551FB-DAB7-4354-91AB-8F7114950FAA}.Debug|Any CPU.Build.0 = Debug|Any CPU
	EndGlobalSection
	GlobalSection(SolutionProperties) = preSolution
		HideSolutionNode = FALSE
	EndGlobalSection
	GlobalSection(ExtensibilityGlobals) = postSolution
		SolutionGuid = {0F7EBFA3-5154-4B64-8B15-03931157F72F}
	EndGlobalSection
EndGlobal
